
Microsoft Visual Studio Solution File, Format Version 12.00
# Visual Studio Version 17
VisualStudioVersion = 17.2.32616.157
MinimumVisualStudioVersion = 10.0.40219.1
Project("{9A19103F-16F7-4668-BE54-9A1E7A4F7556}") = "Loops", "Loops\Loops.csproj", "{D933C6C1-841C-48E8-994A-988DD5AFE8A9}"
EndProject
Project("{FAE04EC0-301F-11D3-BF4B-00C04F79EFBC}") = "ChristmasTree", "ChristmasTree\ChristmasTree.csproj", "{9CD63DCB-A517-45A5-95A6-DD3642A2E43D}"
EndProject
Project("{FAE04EC0-301F-11D3-BF4B-00C04F79EFBC}") = "Guess", "Guess\Guess.csproj", "{F5D804E1-2E15-4516-8679-76F1B9492AD4}"
EndProject
Project("{FAE04EC0-301F-11D3-BF4B-00C04F79EFBC}") = "Add", "Add\Add.csproj", "{F2B63EFC-4C8C-4144-BEE0-698497C85F41}"
EndProject
Project("{FAE04EC0-301F-11D3-BF4B-00C04F79EFBC}") = "Sms", "Sms\Sms.csproj", "{28E728E2-6BE1-4F34-884F-51192048F567}"
EndProject
Global
	GlobalSection(SolutionConfigurationPlatforms) = preSolution
		Debug|Any CPU = Debug|Any CPU
		Release|Any CPU = Release|Any CPU
	EndGlobalSection
	GlobalSection(ProjectConfigurationPlatforms) = postSolution
		{D933C6C1-841C-48E8-994A-988DD5AFE8A9}.Debug|Any CPU.ActiveCfg = Debug|Any CPU
		{D933C6C1-841C-48E8-994A-988DD5AFE8A9}.Debug|Any CPU.Build.0 = Debug|Any CPU
		{D933C6C1-841C-48E8-994A-988DD5AFE8A9}.Release|Any CPU.ActiveCfg = Release|Any CPU
		{D933C6C1-841C-48E8-994A-988DD5AFE8A9}.Release|Any CPU.Build.0 = Release|Any CPU
		{9CD63DCB-A517-45A5-95A6-DD3642A2E43D}.Debug|Any CPU.ActiveCfg = Debug|Any CPU
		{9CD63DCB-A517-45A5-95A6-DD3642A2E43D}.Debug|Any CPU.Build.0 = Debug|Any CPU
		{9CD63DCB-A517-45A5-95A6-DD3642A2E43D}.Release|Any CPU.ActiveCfg = Release|Any CPU
		{9CD63DCB-A517-45A5-95A6-DD3642A2E43D}.Release|Any CPU.Build.0 = Release|Any CPU
		{F5D804E1-2E15-4516-8679-76F1B9492AD4}.Debug|Any CPU.ActiveCfg = Debug|Any CPU
		{F5D804E1-2E15-4516-8679-76F1B9492AD4}.Debug|Any CPU.Build.0 = Debug|Any CPU
		{F5D804E1-2E15-4516-8679-76F1B9492AD4}.Release|Any CPU.ActiveCfg = Release|Any CPU
		{F5D804E1-2E15-4516-8679-76F1B9492AD4}.Release|Any CPU.Build.0 = Release|Any CPU
		{F2B63EFC-4C8C-4144-BEE0-698497C85F41}.Debug|Any CPU.ActiveCfg = Debug|Any CPU
		{F2B63EFC-4C8C-4144-BEE0-698497C85F41}.Debug|Any CPU.Build.0 = Debug|Any CPU
		{F2B63EFC-4C8C-4144-BEE0-698497C85F41}.Release|Any CPU.ActiveCfg = Release|Any CPU
		{F2B63EFC-4C8C-4144-BEE0-698497C85F41}.Release|Any CPU.Build.0 = Release|Any CPU
		{28E728E2-6BE1-4F34-884F-51192048F567}.Debug|Any CPU.ActiveCfg = Debug|Any CPU
		{28E728E2-6BE1-4F34-884F-51192048F567}.Debug|Any CPU.Build.0 = Debug|Any CPU
		{28E728E2-6BE1-4F34-884F-51192048F567}.Release|Any CPU.ActiveCfg = Release|Any CPU
		{28E728E2-6BE1-4F34-884F-51192048F567}.Release|Any CPU.Build.0 = Release|Any CPU
	EndGlobalSection
	GlobalSection(SolutionProperties) = preSolution
		HideSolutionNode = FALSE
	EndGlobalSection
	GlobalSection(ExtensibilityGlobals) = postSolution
		SolutionGuid = {28CA0632-D648-45F4-90E2-9F5F6A75DA94}
	EndGlobalSection
EndGlobal
