
Microsoft Visual Studio Solution File, Format Version 12.00
# Visual Studio Version 17
VisualStudioVersion = 17.2.32616.157
MinimumVisualStudioVersion = 10.0.40219.1
Project("{9A19103F-16F7-4668-BE54-9A1E7A4F7556}") = "podstawowe_operacje", "podstawowe_operacje\podstawowe_operacje.csproj", "{8D783E24-4993-417A-8538-115AE6E2EF3E}"
EndProject
Project("{9A19103F-16F7-4668-BE54-9A1E7A4F7556}") = "Calculator", "Calculator\Calculator.csproj", "{5E035D5C-CD04-4EFF-81D1-E1C7687A1C9E}"
EndProject
Project("{9A19103F-16F7-4668-BE54-9A1E7A4F7556}") = "Converter", "Converter\Converter.csproj", "{D4CF7BF1-1DC3-4DBF-ABDD-0CD1563065F5}"
EndProject
Project("{9A19103F-16F7-4668-BE54-9A1E7A4F7556}") = "Bmi", "Bmi\Bmi.csproj", "{13BFFF9A-6145-4071-B6D5-B2E0B954AF1E}"
EndProject
Project("{9A19103F-16F7-4668-BE54-9A1E7A4F7556}") = "Comparator", "Comparator\Comparator.csproj", "{618820ED-CE01-4ADA-BC02-0B05019292B1}"
EndProject
Project("{9A19103F-16F7-4668-BE54-9A1E7A4F7556}") = "Tax", "Tax\Tax.csproj", "{02806A7F-8B5A-4380-A189-C07D839C6304}"
EndProject
Project("{9A19103F-16F7-4668-BE54-9A1E7A4F7556}") = "Installment", "Installment\Installment.csproj", "{50E67FB8-F743-469A-B224-AEA4C995A5E7}"
EndProject
Global
	GlobalSection(SolutionConfigurationPlatforms) = preSolution
		Debug|Any CPU = Debug|Any CPU
		Release|Any CPU = Release|Any CPU
	EndGlobalSection
	GlobalSection(ProjectConfigurationPlatforms) = postSolution
		{8D783E24-4993-417A-8538-115AE6E2EF3E}.Debug|Any CPU.ActiveCfg = Debug|Any CPU
		{8D783E24-4993-417A-8538-115AE6E2EF3E}.Debug|Any CPU.Build.0 = Debug|Any CPU
		{8D783E24-4993-417A-8538-115AE6E2EF3E}.Release|Any CPU.ActiveCfg = Release|Any CPU
		{8D783E24-4993-417A-8538-115AE6E2EF3E}.Release|Any CPU.Build.0 = Release|Any CPU
		{5E035D5C-CD04-4EFF-81D1-E1C7687A1C9E}.Debug|Any CPU.ActiveCfg = Debug|Any CPU
		{5E035D5C-CD04-4EFF-81D1-E1C7687A1C9E}.Debug|Any CPU.Build.0 = Debug|Any CPU
		{5E035D5C-CD04-4EFF-81D1-E1C7687A1C9E}.Release|Any CPU.ActiveCfg = Release|Any CPU
		{5E035D5C-CD04-4EFF-81D1-E1C7687A1C9E}.Release|Any CPU.Build.0 = Release|Any CPU
		{D4CF7BF1-1DC3-4DBF-ABDD-0CD1563065F5}.Debug|Any CPU.ActiveCfg = Debug|Any CPU
		{D4CF7BF1-1DC3-4DBF-ABDD-0CD1563065F5}.Debug|Any CPU.Build.0 = Debug|Any CPU
		{D4CF7BF1-1DC3-4DBF-ABDD-0CD1563065F5}.Release|Any CPU.ActiveCfg = Release|Any CPU
		{D4CF7BF1-1DC3-4DBF-ABDD-0CD1563065F5}.Release|Any CPU.Build.0 = Release|Any CPU
		{13BFFF9A-6145-4071-B6D5-B2E0B954AF1E}.Debug|Any CPU.ActiveCfg = Debug|Any CPU
		{13BFFF9A-6145-4071-B6D5-B2E0B954AF1E}.Debug|Any CPU.Build.0 = Debug|Any CPU
		{13BFFF9A-6145-4071-B6D5-B2E0B954AF1E}.Release|Any CPU.ActiveCfg = Release|Any CPU
		{13BFFF9A-6145-4071-B6D5-B2E0B954AF1E}.Release|Any CPU.Build.0 = Release|Any CPU
		{618820ED-CE01-4ADA-BC02-0B05019292B1}.Debug|Any CPU.ActiveCfg = Debug|Any CPU
		{618820ED-CE01-4ADA-BC02-0B05019292B1}.Debug|Any CPU.Build.0 = Debug|Any CPU
		{618820ED-CE01-4ADA-BC02-0B05019292B1}.Release|Any CPU.ActiveCfg = Release|Any CPU
		{618820ED-CE01-4ADA-BC02-0B05019292B1}.Release|Any CPU.Build.0 = Release|Any CPU
		{02806A7F-8B5A-4380-A189-C07D839C6304}.Debug|Any CPU.ActiveCfg = Debug|Any CPU
		{02806A7F-8B5A-4380-A189-C07D839C6304}.Debug|Any CPU.Build.0 = Debug|Any CPU
		{02806A7F-8B5A-4380-A189-C07D839C6304}.Release|Any CPU.ActiveCfg = Release|Any CPU
		{02806A7F-8B5A-4380-A189-C07D839C6304}.Release|Any CPU.Build.0 = Release|Any CPU
		{50E67FB8-F743-469A-B224-AEA4C995A5E7}.Debug|Any CPU.ActiveCfg = Debug|Any CPU
		{50E67FB8-F743-469A-B224-AEA4C995A5E7}.Debug|Any CPU.Build.0 = Debug|Any CPU
		{50E67FB8-F743-469A-B224-AEA4C995A5E7}.Release|Any CPU.ActiveCfg = Release|Any CPU
		{50E67FB8-F743-469A-B224-AEA4C995A5E7}.Release|Any CPU.Build.0 = Release|Any CPU
	EndGlobalSection
	GlobalSection(SolutionProperties) = preSolution
		HideSolutionNode = FALSE
	EndGlobalSection
	GlobalSection(ExtensibilityGlobals) = postSolution
		SolutionGuid = {5D0E2A62-7FBA-41C8-AA45-2276543DBE9E}
	EndGlobalSection
EndGlobal
