
Microsoft Visual Studio Solution File, Format Version 12.00
# Visual Studio Version 17
VisualStudioVersion = 17.2.32616.157
MinimumVisualStudioVersion = 10.0.40219.1
Project("{9A19103F-16F7-4668-BE54-9A1E7A4F7556}") = "zad1", "1.6Funkcje\zad1.csproj", "{7BE198B8-3CC8-475E-8F08-F0990491A24E}"
EndProject
Project("{FAE04EC0-301F-11D3-BF4B-00C04F79EFBC}") = "zad2_", "zad2_\zad2_.csproj", "{146708D0-0243-4DCF-A957-D97FBF3E9942}"
EndProject
Global
	GlobalSection(SolutionConfigurationPlatforms) = preSolution
		Debug|Any CPU = Debug|Any CPU
		Release|Any CPU = Release|Any CPU
	EndGlobalSection
	GlobalSection(ProjectConfigurationPlatforms) = postSolution
		{7BE198B8-3CC8-475E-8F08-F0990491A24E}.Debug|Any CPU.ActiveCfg = Debug|Any CPU
		{7BE198B8-3CC8-475E-8F08-F0990491A24E}.Debug|Any CPU.Build.0 = Debug|Any CPU
		{7BE198B8-3CC8-475E-8F08-F0990491A24E}.Release|Any CPU.ActiveCfg = Release|Any CPU
		{7BE198B8-3CC8-475E-8F08-F0990491A24E}.Release|Any CPU.Build.0 = Release|Any CPU
		{146708D0-0243-4DCF-A957-D97FBF3E9942}.Debug|Any CPU.ActiveCfg = Debug|Any CPU
		{146708D0-0243-4DCF-A957-D97FBF3E9942}.Debug|Any CPU.Build.0 = Debug|Any CPU
		{146708D0-0243-4DCF-A957-D97FBF3E9942}.Release|Any CPU.ActiveCfg = Release|Any CPU
		{146708D0-0243-4DCF-A957-D97FBF3E9942}.Release|Any CPU.Build.0 = Release|Any CPU
	EndGlobalSection
	GlobalSection(SolutionProperties) = preSolution
		HideSolutionNode = FALSE
	EndGlobalSection
	GlobalSection(ExtensibilityGlobals) = postSolution
		SolutionGuid = {6A421D85-8C59-4525-B317-ACD0E1BED665}
	EndGlobalSection
EndGlobal
