
Microsoft Visual Studio Solution File, Format Version 12.00
# Visual Studio Version 17
VisualStudioVersion = 17.10.35027.167
MinimumVisualStudioVersion = 10.0.40219.1
Project("{9A19103F-16F7-4668-BE54-9A1E7A4F7556}") = "Zad1.5ModificatoryDostepu", "Zad1.5ModificatoryDostepu\Zad1.5ModificatoryDostepu.csproj", "{C1BDD9DF-A075-4E63-A9D8-4CA20289E5F0}"
EndProject
Project("{9A19103F-16F7-4668-BE54-9A1E7A4F7556}") = "ClassLibraryZad1.5.1", "ClassLibraryZad1.5.1\ClassLibraryZad1.5.1.csproj", "{4AD7C64A-C2A6-461E-9D30-BAFDEDC9C5A8}"
EndProject
Project("{9A19103F-16F7-4668-BE54-9A1E7A4F7556}") = "Zad1.6.1", "Zad1.6.1\Zad1.6.1.csproj", "{6648BD82-4670-4243-9BD9-6D3B6E0B042A}"
EndProject
Project("{9A19103F-16F7-4668-BE54-9A1E7A4F7556}") = "Zad1.7.1Wlasciwosci", "Zad1.7.1Wlasciwosci\Zad1.7.1Wlasciwosci.csproj", "{F07E74F2-4D25-4D18-9113-766C360478E5}"
EndProject
Project("{9A19103F-16F7-4668-BE54-9A1E7A4F7556}") = "Zad1.8.1ElementyStatyczne", "Zad1.8.1ElementyStatyczne\Zad1.8.1ElementyStatyczne.csproj", "{71DA50BF-5B08-4625-A2A5-E3CE9EEFAC9D}"
EndProject
Project("{9A19103F-16F7-4668-BE54-9A1E7A4F7556}") = "Zad1.8.2ElementyStatyczne", "Zad1.8.2ElementyStatyczne\Zad1.8.2ElementyStatyczne.csproj", "{ED203B66-9FE0-4774-ACB5-BBD2340E3293}"
EndProject
Project("{9A19103F-16F7-4668-BE54-9A1E7A4F7556}") = "Zad1.8.3ElementyStatyczne", "Zad1.8.3ElementyStatyczne\Zad1.8.3ElementyStatyczne.csproj", "{1EC471B4-CB8F-4648-8C19-C8CDB1E7E9E8}"
EndProject
Project("{9A19103F-16F7-4668-BE54-9A1E7A4F7556}") = "Zad1.9.1", "Zad1.9.1\Zad1.9.1.csproj", "{06CF57ED-F4F1-42A2-A31B-32F3B5687AF1}"
EndProject
Project("{9A19103F-16F7-4668-BE54-9A1E7A4F7556}") = "Zad1.10.1", "Zad1.10.1\Zad1.10.1.csproj", "{6EA624A1-EFE7-4B0F-A13D-2E78E1309C42}"
EndProject
Project("{9A19103F-16F7-4668-BE54-9A1E7A4F7556}") = "Zad1.10.2", "Zad1.10.2\Zad1.10.2.csproj", "{40BD0DD6-78CA-4D7F-9BD9-90ADBB5A7458}"
EndProject
Project("{9A19103F-16F7-4668-BE54-9A1E7A4F7556}") = "Zad1.10.3", "Zad1.10.3\Zad1.10.3.csproj", "{9D9A2BC9-6C73-4709-80DB-DE52EA5F3739}"
EndProject
Project("{9A19103F-16F7-4668-BE54-9A1E7A4F7556}") = "Zad1.11.1", "Zad1.11.1\Zad1.11.1.csproj", "{0278376B-EFA0-42AC-BB5C-A3EA08424A2F}"
EndProject
Project("{9A19103F-16F7-4668-BE54-9A1E7A4F7556}") = "Zad1.11.2", "Zad1.11.2\Zad1.11.2.csproj", "{F8938EC1-6541-4FEB-8B50-072BD1450BF0}"
EndProject
Project("{9A19103F-16F7-4668-BE54-9A1E7A4F7556}") = "Zad1.11.3", "Zad1.11.3\Zad1.11.3.csproj", "{2DA114FE-5FEA-4CD2-AE82-61D161C557E3}"
EndProject
Project("{9A19103F-16F7-4668-BE54-9A1E7A4F7556}") = "Zad1.12.1", "Zad1.12.1\Zad1.12.1.csproj", "{A3D6C117-AC0C-47E1-842F-AD73F152AE6C}"
EndProject
Project("{9A19103F-16F7-4668-BE54-9A1E7A4F7556}") = "Zad1.12.2", "Zad1.12.2\Zad1.12.2.csproj", "{421DCF17-7C6B-42A7-B2B7-ED51BFD4B77C}"
EndProject
Project("{9A19103F-16F7-4668-BE54-9A1E7A4F7556}") = "Zad1.12.3", "Zad1.12.3\Zad1.12.3.csproj", "{F911B00D-F541-48BF-B7BE-58CA9DC366B5}"
EndProject
Project("{9A19103F-16F7-4668-BE54-9A1E7A4F7556}") = "Zad1.13.1", "Zad1.13.1\Zad1.13.1.csproj", "{46926EB6-B080-47DC-8E28-D1465BA7AADB}"
EndProject
Project("{FAE04EC0-301F-11D3-BF4B-00C04F79EFBC}") = "Zad1.13.2", "Zad1.13.2\Zad1.13.2.csproj", "{559F813E-006E-48B9-B322-47E44B98D937}"
EndProject
Project("{FAE04EC0-301F-11D3-BF4B-00C04F79EFBC}") = "Zad1.13.3", "Zad1.13.3\Zad1.13.3.csproj", "{4B55C89D-9D36-4C59-AC3E-2704AF0A9345}"
EndProject
Global
	GlobalSection(SolutionConfigurationPlatforms) = preSolution
		Debug|Any CPU = Debug|Any CPU
		Release|Any CPU = Release|Any CPU
	EndGlobalSection
	GlobalSection(ProjectConfigurationPlatforms) = postSolution
		{C1BDD9DF-A075-4E63-A9D8-4CA20289E5F0}.Debug|Any CPU.ActiveCfg = Debug|Any CPU
		{C1BDD9DF-A075-4E63-A9D8-4CA20289E5F0}.Debug|Any CPU.Build.0 = Debug|Any CPU
		{C1BDD9DF-A075-4E63-A9D8-4CA20289E5F0}.Release|Any CPU.ActiveCfg = Release|Any CPU
		{C1BDD9DF-A075-4E63-A9D8-4CA20289E5F0}.Release|Any CPU.Build.0 = Release|Any CPU
		{4AD7C64A-C2A6-461E-9D30-BAFDEDC9C5A8}.Debug|Any CPU.ActiveCfg = Debug|Any CPU
		{4AD7C64A-C2A6-461E-9D30-BAFDEDC9C5A8}.Debug|Any CPU.Build.0 = Debug|Any CPU
		{4AD7C64A-C2A6-461E-9D30-BAFDEDC9C5A8}.Release|Any CPU.ActiveCfg = Release|Any CPU
		{4AD7C64A-C2A6-461E-9D30-BAFDEDC9C5A8}.Release|Any CPU.Build.0 = Release|Any CPU
		{6648BD82-4670-4243-9BD9-6D3B6E0B042A}.Debug|Any CPU.ActiveCfg = Debug|Any CPU
		{6648BD82-4670-4243-9BD9-6D3B6E0B042A}.Debug|Any CPU.Build.0 = Debug|Any CPU
		{6648BD82-4670-4243-9BD9-6D3B6E0B042A}.Release|Any CPU.ActiveCfg = Release|Any CPU
		{6648BD82-4670-4243-9BD9-6D3B6E0B042A}.Release|Any CPU.Build.0 = Release|Any CPU
		{F07E74F2-4D25-4D18-9113-766C360478E5}.Debug|Any CPU.ActiveCfg = Debug|Any CPU
		{F07E74F2-4D25-4D18-9113-766C360478E5}.Debug|Any CPU.Build.0 = Debug|Any CPU
		{F07E74F2-4D25-4D18-9113-766C360478E5}.Release|Any CPU.ActiveCfg = Release|Any CPU
		{F07E74F2-4D25-4D18-9113-766C360478E5}.Release|Any CPU.Build.0 = Release|Any CPU
		{71DA50BF-5B08-4625-A2A5-E3CE9EEFAC9D}.Debug|Any CPU.ActiveCfg = Debug|Any CPU
		{71DA50BF-5B08-4625-A2A5-E3CE9EEFAC9D}.Debug|Any CPU.Build.0 = Debug|Any CPU
		{71DA50BF-5B08-4625-A2A5-E3CE9EEFAC9D}.Release|Any CPU.ActiveCfg = Release|Any CPU
		{71DA50BF-5B08-4625-A2A5-E3CE9EEFAC9D}.Release|Any CPU.Build.0 = Release|Any CPU
		{ED203B66-9FE0-4774-ACB5-BBD2340E3293}.Debug|Any CPU.ActiveCfg = Debug|Any CPU
		{ED203B66-9FE0-4774-ACB5-BBD2340E3293}.Debug|Any CPU.Build.0 = Debug|Any CPU
		{ED203B66-9FE0-4774-ACB5-BBD2340E3293}.Release|Any CPU.ActiveCfg = Release|Any CPU
		{ED203B66-9FE0-4774-ACB5-BBD2340E3293}.Release|Any CPU.Build.0 = Release|Any CPU
		{1EC471B4-CB8F-4648-8C19-C8CDB1E7E9E8}.Debug|Any CPU.ActiveCfg = Debug|Any CPU
		{1EC471B4-CB8F-4648-8C19-C8CDB1E7E9E8}.Debug|Any CPU.Build.0 = Debug|Any CPU
		{1EC471B4-CB8F-4648-8C19-C8CDB1E7E9E8}.Release|Any CPU.ActiveCfg = Release|Any CPU
		{1EC471B4-CB8F-4648-8C19-C8CDB1E7E9E8}.Release|Any CPU.Build.0 = Release|Any CPU
		{06CF57ED-F4F1-42A2-A31B-32F3B5687AF1}.Debug|Any CPU.ActiveCfg = Debug|Any CPU
		{06CF57ED-F4F1-42A2-A31B-32F3B5687AF1}.Debug|Any CPU.Build.0 = Debug|Any CPU
		{06CF57ED-F4F1-42A2-A31B-32F3B5687AF1}.Release|Any CPU.ActiveCfg = Release|Any CPU
		{06CF57ED-F4F1-42A2-A31B-32F3B5687AF1}.Release|Any CPU.Build.0 = Release|Any CPU
		{6EA624A1-EFE7-4B0F-A13D-2E78E1309C42}.Debug|Any CPU.ActiveCfg = Debug|Any CPU
		{6EA624A1-EFE7-4B0F-A13D-2E78E1309C42}.Debug|Any CPU.Build.0 = Debug|Any CPU
		{6EA624A1-EFE7-4B0F-A13D-2E78E1309C42}.Release|Any CPU.ActiveCfg = Release|Any CPU
		{6EA624A1-EFE7-4B0F-A13D-2E78E1309C42}.Release|Any CPU.Build.0 = Release|Any CPU
		{40BD0DD6-78CA-4D7F-9BD9-90ADBB5A7458}.Debug|Any CPU.ActiveCfg = Debug|Any CPU
		{40BD0DD6-78CA-4D7F-9BD9-90ADBB5A7458}.Debug|Any CPU.Build.0 = Debug|Any CPU
		{40BD0DD6-78CA-4D7F-9BD9-90ADBB5A7458}.Release|Any CPU.ActiveCfg = Release|Any CPU
		{40BD0DD6-78CA-4D7F-9BD9-90ADBB5A7458}.Release|Any CPU.Build.0 = Release|Any CPU
		{9D9A2BC9-6C73-4709-80DB-DE52EA5F3739}.Debug|Any CPU.ActiveCfg = Debug|Any CPU
		{9D9A2BC9-6C73-4709-80DB-DE52EA5F3739}.Debug|Any CPU.Build.0 = Debug|Any CPU
		{9D9A2BC9-6C73-4709-80DB-DE52EA5F3739}.Release|Any CPU.ActiveCfg = Release|Any CPU
		{9D9A2BC9-6C73-4709-80DB-DE52EA5F3739}.Release|Any CPU.Build.0 = Release|Any CPU
		{0278376B-EFA0-42AC-BB5C-A3EA08424A2F}.Debug|Any CPU.ActiveCfg = Debug|Any CPU
		{0278376B-EFA0-42AC-BB5C-A3EA08424A2F}.Debug|Any CPU.Build.0 = Debug|Any CPU
		{0278376B-EFA0-42AC-BB5C-A3EA08424A2F}.Release|Any CPU.ActiveCfg = Release|Any CPU
		{0278376B-EFA0-42AC-BB5C-A3EA08424A2F}.Release|Any CPU.Build.0 = Release|Any CPU
		{F8938EC1-6541-4FEB-8B50-072BD1450BF0}.Debug|Any CPU.ActiveCfg = Debug|Any CPU
		{F8938EC1-6541-4FEB-8B50-072BD1450BF0}.Debug|Any CPU.Build.0 = Debug|Any CPU
		{F8938EC1-6541-4FEB-8B50-072BD1450BF0}.Release|Any CPU.ActiveCfg = Release|Any CPU
		{F8938EC1-6541-4FEB-8B50-072BD1450BF0}.Release|Any CPU.Build.0 = Release|Any CPU
		{2DA114FE-5FEA-4CD2-AE82-61D161C557E3}.Debug|Any CPU.ActiveCfg = Debug|Any CPU
		{2DA114FE-5FEA-4CD2-AE82-61D161C557E3}.Debug|Any CPU.Build.0 = Debug|Any CPU
		{2DA114FE-5FEA-4CD2-AE82-61D161C557E3}.Release|Any CPU.ActiveCfg = Release|Any CPU
		{2DA114FE-5FEA-4CD2-AE82-61D161C557E3}.Release|Any CPU.Build.0 = Release|Any CPU
		{A3D6C117-AC0C-47E1-842F-AD73F152AE6C}.Debug|Any CPU.ActiveCfg = Debug|Any CPU
		{A3D6C117-AC0C-47E1-842F-AD73F152AE6C}.Debug|Any CPU.Build.0 = Debug|Any CPU
		{A3D6C117-AC0C-47E1-842F-AD73F152AE6C}.Release|Any CPU.ActiveCfg = Release|Any CPU
		{A3D6C117-AC0C-47E1-842F-AD73F152AE6C}.Release|Any CPU.Build.0 = Release|Any CPU
		{421DCF17-7C6B-42A7-B2B7-ED51BFD4B77C}.Debug|Any CPU.ActiveCfg = Debug|Any CPU
		{421DCF17-7C6B-42A7-B2B7-ED51BFD4B77C}.Debug|Any CPU.Build.0 = Debug|Any CPU
		{421DCF17-7C6B-42A7-B2B7-ED51BFD4B77C}.Release|Any CPU.ActiveCfg = Release|Any CPU
		{421DCF17-7C6B-42A7-B2B7-ED51BFD4B77C}.Release|Any CPU.Build.0 = Release|Any CPU
		{F911B00D-F541-48BF-B7BE-58CA9DC366B5}.Debug|Any CPU.ActiveCfg = Debug|Any CPU
		{F911B00D-F541-48BF-B7BE-58CA9DC366B5}.Debug|Any CPU.Build.0 = Debug|Any CPU
		{F911B00D-F541-48BF-B7BE-58CA9DC366B5}.Release|Any CPU.ActiveCfg = Release|Any CPU
		{F911B00D-F541-48BF-B7BE-58CA9DC366B5}.Release|Any CPU.Build.0 = Release|Any CPU
		{46926EB6-B080-47DC-8E28-D1465BA7AADB}.Debug|Any CPU.ActiveCfg = Debug|Any CPU
		{46926EB6-B080-47DC-8E28-D1465BA7AADB}.Debug|Any CPU.Build.0 = Debug|Any CPU
		{46926EB6-B080-47DC-8E28-D1465BA7AADB}.Release|Any CPU.ActiveCfg = Release|Any CPU
		{46926EB6-B080-47DC-8E28-D1465BA7AADB}.Release|Any CPU.Build.0 = Release|Any CPU
		{559F813E-006E-48B9-B322-47E44B98D937}.Debug|Any CPU.ActiveCfg = Debug|Any CPU
		{559F813E-006E-48B9-B322-47E44B98D937}.Debug|Any CPU.Build.0 = Debug|Any CPU
		{559F813E-006E-48B9-B322-47E44B98D937}.Release|Any CPU.ActiveCfg = Release|Any CPU
		{559F813E-006E-48B9-B322-47E44B98D937}.Release|Any CPU.Build.0 = Release|Any CPU
		{4B55C89D-9D36-4C59-AC3E-2704AF0A9345}.Debug|Any CPU.ActiveCfg = Debug|Any CPU
		{4B55C89D-9D36-4C59-AC3E-2704AF0A9345}.Debug|Any CPU.Build.0 = Debug|Any CPU
		{4B55C89D-9D36-4C59-AC3E-2704AF0A9345}.Release|Any CPU.ActiveCfg = Release|Any CPU
		{4B55C89D-9D36-4C59-AC3E-2704AF0A9345}.Release|Any CPU.Build.0 = Release|Any CPU
	EndGlobalSection
	GlobalSection(SolutionProperties) = preSolution
		HideSolutionNode = FALSE
	EndGlobalSection
	GlobalSection(ExtensibilityGlobals) = postSolution
		SolutionGuid = {7CC9BF9B-1342-4FA9-B3C6-969C37918028}
	EndGlobalSection
EndGlobal
