
Microsoft Visual Studio Solution File, Format Version 12.00
# Visual Studio Version 17
VisualStudioVersion = 17.13.35806.99 d17.13
MinimumVisualStudioVersion = 10.0.40219.1
Project("{FAE04EC0-301F-11D3-BF4B-00C04F79EFBC}") = "C#Programs", "C#Programs\C#Programs.csproj", "{8BAB50AB-36E2-4CE4-9446-BCD92EFF20F9}"
EndProject
Project("{FAE04EC0-301F-11D3-BF4B-00C04F79EFBC}") = "Queue", "Queue\Queue.csproj", "{8BFB1323-E86D-4FDC-BF97-EDCB5D56F7AE}"
EndProject
Project("{FAE04EC0-301F-11D3-BF4B-00C04F79EFBC}") = "Stack", "Stack\Stack.csproj", "{C7587504-F408-4B2B-B2C2-F4F8B3E79FC5}"
EndProject
Project("{FAE04EC0-301F-11D3-BF4B-00C04F79EFBC}") = "Algorithms", "Algorithms\Algorithms.csproj", "{FFF38660-A07E-4263-B4BF-181AA2C85527}"
EndProject
Global
	GlobalSection(SolutionConfigurationPlatforms) = preSolution
		Debug|Any CPU = Debug|Any CPU
		Release|Any CPU = Release|Any CPU
	EndGlobalSection
	GlobalSection(ProjectConfigurationPlatforms) = postSolution
		{8BAB50AB-36E2-4CE4-9446-BCD92EFF20F9}.Debug|Any CPU.ActiveCfg = Debug|Any CPU
		{8BAB50AB-36E2-4CE4-9446-BCD92EFF20F9}.Debug|Any CPU.Build.0 = Debug|Any CPU
		{8BAB50AB-36E2-4CE4-9446-BCD92EFF20F9}.Release|Any CPU.ActiveCfg = Release|Any CPU
		{8BAB50AB-36E2-4CE4-9446-BCD92EFF20F9}.Release|Any CPU.Build.0 = Release|Any CPU
		{8BFB1323-E86D-4FDC-BF97-EDCB5D56F7AE}.Debug|Any CPU.ActiveCfg = Debug|Any CPU
		{8BFB1323-E86D-4FDC-BF97-EDCB5D56F7AE}.Debug|Any CPU.Build.0 = Debug|Any CPU
		{8BFB1323-E86D-4FDC-BF97-EDCB5D56F7AE}.Release|Any CPU.ActiveCfg = Release|Any CPU
		{8BFB1323-E86D-4FDC-BF97-EDCB5D56F7AE}.Release|Any CPU.Build.0 = Release|Any CPU
		{C7587504-F408-4B2B-B2C2-F4F8B3E79FC5}.Debug|Any CPU.ActiveCfg = Debug|Any CPU
		{C7587504-F408-4B2B-B2C2-F4F8B3E79FC5}.Debug|Any CPU.Build.0 = Debug|Any CPU
		{C7587504-F408-4B2B-B2C2-F4F8B3E79FC5}.Release|Any CPU.ActiveCfg = Release|Any CPU
		{C7587504-F408-4B2B-B2C2-F4F8B3E79FC5}.Release|Any CPU.Build.0 = Release|Any CPU
		{FFF38660-A07E-4263-B4BF-181AA2C85527}.Debug|Any CPU.ActiveCfg = Debug|Any CPU
		{FFF38660-A07E-4263-B4BF-181AA2C85527}.Debug|Any CPU.Build.0 = Debug|Any CPU
		{FFF38660-A07E-4263-B4BF-181AA2C85527}.Release|Any CPU.ActiveCfg = Release|Any CPU
		{FFF38660-A07E-4263-B4BF-181AA2C85527}.Release|Any CPU.Build.0 = Release|Any CPU
	EndGlobalSection
	GlobalSection(SolutionProperties) = preSolution
		HideSolutionNode = FALSE
	EndGlobalSection
	GlobalSection(ExtensibilityGlobals) = postSolution
		SolutionGuid = {4BF591ED-10B6-4F02-8AC0-81EE43A2E0B4}
	EndGlobalSection
EndGlobal
