
Microsoft Visual Studio Solution File, Format Version 12.00
# Visual Studio Version 17
VisualStudioVersion = 17.10.35004.147
MinimumVisualStudioVersion = 10.0.40219.1
Project("{9A19103F-16F7-4668-BE54-9A1E7A4F7556}") = "KObZadanie1", "KObZadanie1\KObZadanie1.csproj", "{C1532844-CFE5-41C5-8FB8-3D0356C3B80F}"
EndProject
Project("{9A19103F-16F7-4668-BE54-9A1E7A4F7556}") = "Calculator", "Calculator\Calculator.csproj", "{12730936-9E9C-45EB-BFCC-E65A7A1EA9E6}"
EndProject
Project("{9A19103F-16F7-4668-BE54-9A1E7A4F7556}") = "CelsiusToFahrenheit", "CelsiusToFahrenheit\CelsiusToFahrenheit.csproj", "{EB9AE5C0-0885-430B-9A09-FFE82CD0ABCA}"
EndProject
Project("{9A19103F-16F7-4668-BE54-9A1E7A4F7556}") = "BMICalculator", "BMICalculator\BMICalculator.csproj", "{E88A1CC8-BFA3-437A-95FD-FF7FD8745A13}"
EndProject
Project("{FAE04EC0-301F-11D3-BF4B-00C04F79EFBC}") = "ComparisonOfTwoNumbers", "ComparisonOfTwoNumbers\ComparisonOfTwoNumbers.csproj", "{B5579832-3974-4380-9D0D-3A3850C54E12}"
EndProject
Project("{FAE04EC0-301F-11D3-BF4B-00C04F79EFBC}") = "IncomeTax1.2-3", "IncomeTax1.2-3\IncomeTax1.2-3.csproj", "{261529ED-3FF0-45F8-807A-757BF8D26830}"
EndProject
Project("{FAE04EC0-301F-11D3-BF4B-00C04F79EFBC}") = "InstalmentsEx4", "InstalmentsEx4\InstalmentsEx4.csproj", "{3D38FEC6-BB5B-4895-AF31-82A7186B0AD2}"
EndProject
Global
	GlobalSection(SolutionConfigurationPlatforms) = preSolution
		Debug|Any CPU = Debug|Any CPU
		Release|Any CPU = Release|Any CPU
	EndGlobalSection
	GlobalSection(ProjectConfigurationPlatforms) = postSolution
		{C1532844-CFE5-41C5-8FB8-3D0356C3B80F}.Debug|Any CPU.ActiveCfg = Debug|Any CPU
		{C1532844-CFE5-41C5-8FB8-3D0356C3B80F}.Debug|Any CPU.Build.0 = Debug|Any CPU
		{C1532844-CFE5-41C5-8FB8-3D0356C3B80F}.Release|Any CPU.ActiveCfg = Release|Any CPU
		{C1532844-CFE5-41C5-8FB8-3D0356C3B80F}.Release|Any CPU.Build.0 = Release|Any CPU
		{12730936-9E9C-45EB-BFCC-E65A7A1EA9E6}.Debug|Any CPU.ActiveCfg = Debug|Any CPU
		{12730936-9E9C-45EB-BFCC-E65A7A1EA9E6}.Debug|Any CPU.Build.0 = Debug|Any CPU
		{12730936-9E9C-45EB-BFCC-E65A7A1EA9E6}.Release|Any CPU.ActiveCfg = Release|Any CPU
		{12730936-9E9C-45EB-BFCC-E65A7A1EA9E6}.Release|Any CPU.Build.0 = Release|Any CPU
		{EB9AE5C0-0885-430B-9A09-FFE82CD0ABCA}.Debug|Any CPU.ActiveCfg = Debug|Any CPU
		{EB9AE5C0-0885-430B-9A09-FFE82CD0ABCA}.Debug|Any CPU.Build.0 = Debug|Any CPU
		{EB9AE5C0-0885-430B-9A09-FFE82CD0ABCA}.Release|Any CPU.ActiveCfg = Release|Any CPU
		{EB9AE5C0-0885-430B-9A09-FFE82CD0ABCA}.Release|Any CPU.Build.0 = Release|Any CPU
		{E88A1CC8-BFA3-437A-95FD-FF7FD8745A13}.Debug|Any CPU.ActiveCfg = Debug|Any CPU
		{E88A1CC8-BFA3-437A-95FD-FF7FD8745A13}.Debug|Any CPU.Build.0 = Debug|Any CPU
		{E88A1CC8-BFA3-437A-95FD-FF7FD8745A13}.Release|Any CPU.ActiveCfg = Release|Any CPU
		{E88A1CC8-BFA3-437A-95FD-FF7FD8745A13}.Release|Any CPU.Build.0 = Release|Any CPU
		{B5579832-3974-4380-9D0D-3A3850C54E12}.Debug|Any CPU.ActiveCfg = Debug|Any CPU
		{B5579832-3974-4380-9D0D-3A3850C54E12}.Debug|Any CPU.Build.0 = Debug|Any CPU
		{B5579832-3974-4380-9D0D-3A3850C54E12}.Release|Any CPU.ActiveCfg = Release|Any CPU
		{B5579832-3974-4380-9D0D-3A3850C54E12}.Release|Any CPU.Build.0 = Release|Any CPU
		{261529ED-3FF0-45F8-807A-757BF8D26830}.Debug|Any CPU.ActiveCfg = Debug|Any CPU
		{261529ED-3FF0-45F8-807A-757BF8D26830}.Debug|Any CPU.Build.0 = Debug|Any CPU
		{261529ED-3FF0-45F8-807A-757BF8D26830}.Release|Any CPU.ActiveCfg = Release|Any CPU
		{261529ED-3FF0-45F8-807A-757BF8D26830}.Release|Any CPU.Build.0 = Release|Any CPU
		{3D38FEC6-BB5B-4895-AF31-82A7186B0AD2}.Debug|Any CPU.ActiveCfg = Debug|Any CPU
		{3D38FEC6-BB5B-4895-AF31-82A7186B0AD2}.Debug|Any CPU.Build.0 = Debug|Any CPU
		{3D38FEC6-BB5B-4895-AF31-82A7186B0AD2}.Release|Any CPU.ActiveCfg = Release|Any CPU
		{3D38FEC6-BB5B-4895-AF31-82A7186B0AD2}.Release|Any CPU.Build.0 = Release|Any CPU
	EndGlobalSection
	GlobalSection(SolutionProperties) = preSolution
		HideSolutionNode = FALSE
	EndGlobalSection
	GlobalSection(ExtensibilityGlobals) = postSolution
		SolutionGuid = {8E13858A-9D95-4752-8D49-0781E8C6F694}
	EndGlobalSection
EndGlobal
