
Microsoft Visual Studio Solution File, Format Version 12.00
# Visual Studio Version 17
VisualStudioVersion = 17.2.32616.157
MinimumVisualStudioVersion = 10.0.40219.1
Project("{FAE04EC0-301F-11D3-BF4B-00C04F79EFBC}") = "BazaDanych", "BazaDanych\BazaDanych.csproj", "{6CAA14F8-6FC6-4FAC-A427-FD285B781754}"
EndProject
Global
	GlobalSection(SolutionConfigurationPlatforms) = preSolution
		Debug|Any CPU = Debug|Any CPU
		Release|Any CPU = Release|Any CPU
	EndGlobalSection
	GlobalSection(ProjectConfigurationPlatforms) = postSolution
		{6CAA14F8-6FC6-4FAC-A427-FD285B781754}.Debug|Any CPU.ActiveCfg = Debug|Any CPU
		{6CAA14F8-6FC6-4FAC-A427-FD285B781754}.Debug|Any CPU.Build.0 = Debug|Any CPU
		{6CAA14F8-6FC6-4FAC-A427-FD285B781754}.Release|Any CPU.ActiveCfg = Release|Any CPU
		{6CAA14F8-6FC6-4FAC-A427-FD285B781754}.Release|Any CPU.Build.0 = Release|Any CPU
	EndGlobalSection
	GlobalSection(SolutionProperties) = preSolution
		HideSolutionNode = FALSE
	EndGlobalSection
	GlobalSection(ExtensibilityGlobals) = postSolution
		SolutionGuid = {EB22E040-5665-4E12-A98B-7CF96FD89462}
	EndGlobalSection
EndGlobal
